{
  "object": {
    "pins": [
      {
        "package": "Musig2",
        "repositoryURL": "https://github.com/chainx-org/musig2-ios-api",
        "state": {
          "branch": null,
          "revision": "624ac087adf5c0e54568de1ddef580b4eae260c9",
          "version": "1.2.0"
        }
      }
    ]
  },
  "version": 1
}
