// !$*UTF8*$!
{
	archiveVersion = 1;
	classes = {
	};
	objectVersion = 55;
	objects = {

/* Begin PBXBuildFile section */
		780AB9232700110D0001DD5F /* AppDelegate.swift in Sources */ = {isa = PBXBuildFile; fileRef = 780AB9222700110D0001DD5F /* AppDelegate.swift */; };
		780AB9252700110D0001DD5F /* SceneDelegate.swift in Sources */ = {isa = PBXBuildFile; fileRef = 780AB9242700110D0001DD5F /* SceneDelegate.swift */; };
		780AB9272700110D0001DD5F /* ViewController.swift in Sources */ = {isa = PBXBuildFile; fileRef = 780AB9262700110D0001DD5F /* ViewController.swift */; };
		780AB92A2700110D0001DD5F /* Main.storyboard in Resources */ = {isa = PBXBuildFile; fileRef = 780AB9282700110D0001DD5F /* Main.storyboard */; };
		780AB92C2700110E0001DD5F /* Assets.xcassets in Resources */ = {isa = PBXBuildFile; fileRef = 780AB92B2700110E0001DD5F /* Assets.xcassets */; };
		780AB92F2700110E0001DD5F /* LaunchScreen.storyboard in Resources */ = {isa = PBXBuildFile; fileRef = 780AB92D2700110E0001DD5F /* LaunchScreen.storyboard */; };
		780AB93A2700110E0001DD5F /* MusigDemoTests.swift in Sources */ = {isa = PBXBuildFile; fileRef = 780AB9392700110E0001DD5F /* MusigDemoTests.swift */; };
		780AB9442700110E0001DD5F /* MusigDemoUITests.swift in Sources */ = {isa = PBXBuildFile; fileRef = 780AB9432700110E0001DD5F /* MusigDemoUITests.swift */; };
		780AB9462700110E0001DD5F /* MusigDemoUITestsLaunchTests.swift in Sources */ = {isa = PBXBuildFile; fileRef = 780AB9452700110E0001DD5F /* MusigDemoUITestsLaunchTests.swift */; };
		780AB956270011240001DD5F /* musig.c in Sources */ = {isa = PBXBuildFile; fileRef = 780AB955270011240001DD5F /* musig.c */; };
		780AB958270011D70001DD5F /* libmusig_dll.a in Frameworks */ = {isa = PBXBuildFile; fileRef = 780AB957270011D70001DD5F /* libmusig_dll.a */; };
		780AB95A270022840001DD5F /* musig.swift in Sources */ = {isa = PBXBuildFile; fileRef = 780AB959270022840001DD5F /* musig.swift */; };
/* End PBXBuildFile section */

/* Begin PBXContainerItemProxy section */
		780AB9362700110E0001DD5F /* PBXContainerItemProxy */ = {
			isa = PBXContainerItemProxy;
			containerPortal = 780AB9172700110D0001DD5F /* Project object */;
			proxyType = 1;
			remoteGlobalIDString = 780AB91E2700110D0001DD5F;
			remoteInfo = MusigDemo;
		};
		780AB9402700110E0001DD5F /* PBXContainerItemProxy */ = {
			isa = PBXContainerItemProxy;
			containerPortal = 780AB9172700110D0001DD5F /* Project object */;
			proxyType = 1;
			remoteGlobalIDString = 780AB91E2700110D0001DD5F;
			remoteInfo = MusigDemo;
		};
/* End PBXContainerItemProxy section */

/* Begin PBXFileReference section */
		780AB91F2700110D0001DD5F /* MusigDemo.app */ = {isa = PBXFileReference; explicitFileType = wrapper.application; includeInIndex = 0; path = MusigDemo.app; sourceTree = BUILT_PRODUCTS_DIR; };
		780AB9222700110D0001DD5F /* AppDelegate.swift */ = {isa = PBXFileReference; lastKnownFileType = sourcecode.swift; path = AppDelegate.swift; sourceTree = "<group>"; };
		780AB9242700110D0001DD5F /* SceneDelegate.swift */ = {isa = PBXFileReference; lastKnownFileType = sourcecode.swift; path = SceneDelegate.swift; sourceTree = "<group>"; };
		780AB9262700110D0001DD5F /* ViewController.swift */ = {isa = PBXFileReference; lastKnownFileType = sourcecode.swift; path = ViewController.swift; sourceTree = "<group>"; };
		780AB9292700110D0001DD5F /* Base */ = {isa = PBXFileReference; lastKnownFileType = file.storyboard; name = Base; path = Base.lproj/Main.storyboard; sourceTree = "<group>"; };
		780AB92B2700110E0001DD5F /* Assets.xcassets */ = {isa = PBXFileReference; lastKnownFileType = folder.assetcatalog; path = Assets.xcassets; sourceTree = "<group>"; };
		780AB92E2700110E0001DD5F /* Base */ = {isa = PBXFileReference; lastKnownFileType = file.storyboard; name = Base; path = Base.lproj/LaunchScreen.storyboard; sourceTree = "<group>"; };
		780AB9302700110E0001DD5F /* Info.plist */ = {isa = PBXFileReference; lastKnownFileType = text.plist.xml; path = Info.plist; sourceTree = "<group>"; };
		780AB9352700110E0001DD5F /* MusigDemoTests.xctest */ = {isa = PBXFileReference; explicitFileType = wrapper.cfbundle; includeInIndex = 0; path = MusigDemoTests.xctest; sourceTree = BUILT_PRODUCTS_DIR; };
		780AB9392700110E0001DD5F /* MusigDemoTests.swift */ = {isa = PBXFileReference; lastKnownFileType = sourcecode.swift; path = MusigDemoTests.swift; sourceTree = "<group>"; };
		780AB93F2700110E0001DD5F /* MusigDemoUITests.xctest */ = {isa = PBXFileReference; explicitFileType = wrapper.cfbundle; includeInIndex = 0; path = MusigDemoUITests.xctest; sourceTree = BUILT_PRODUCTS_DIR; };
		780AB9432700110E0001DD5F /* MusigDemoUITests.swift */ = {isa = PBXFileReference; lastKnownFileType = sourcecode.swift; path = MusigDemoUITests.swift; sourceTree = "<group>"; };
		780AB9452700110E0001DD5F /* MusigDemoUITestsLaunchTests.swift */ = {isa = PBXFileReference; lastKnownFileType = sourcecode.swift; path = MusigDemoUITestsLaunchTests.swift; sourceTree = "<group>"; };
		780AB953270011230001DD5F /* MusigDemo-Bridging-Header.h */ = {isa = PBXFileReference; lastKnownFileType = sourcecode.c.h; path = "MusigDemo-Bridging-Header.h"; sourceTree = "<group>"; };
		780AB954270011240001DD5F /* musig.h */ = {isa = PBXFileReference; lastKnownFileType = sourcecode.c.h; path = musig.h; sourceTree = "<group>"; };
		780AB955270011240001DD5F /* musig.c */ = {isa = PBXFileReference; lastKnownFileType = sourcecode.c.c; path = musig.c; sourceTree = "<group>"; };
		780AB957270011D70001DD5F /* libmusig_dll.a */ = {isa = PBXFileReference; lastKnownFileType = archive.ar; path = libmusig_dll.a; sourceTree = "<group>"; };
		780AB959270022840001DD5F /* musig.swift */ = {isa = PBXFileReference; lastKnownFileType = sourcecode.swift; path = musig.swift; sourceTree = "<group>"; };
/* End PBXFileReference section */

/* Begin PBXFrameworksBuildPhase section */
		780AB91C2700110D0001DD5F /* Frameworks */ = {
			isa = PBXFrameworksBuildPhase;
			buildActionMask = 2147483647;
			files = (
				780AB958270011D70001DD5F /* libmusig_dll.a in Frameworks */,
			);
			runOnlyForDeploymentPostprocessing = 0;
		};
		780AB9322700110E0001DD5F /* Frameworks */ = {
			isa = PBXFrameworksBuildPhase;
			buildActionMask = 2147483647;
			files = (
			);
			runOnlyForDeploymentPostprocessing = 0;
		};
		780AB93C2700110E0001DD5F /* Frameworks */ = {
			isa = PBXFrameworksBuildPhase;
			buildActionMask = 2147483647;
			files = (
			);
			runOnlyForDeploymentPostprocessing = 0;
		};
/* End PBXFrameworksBuildPhase section */

/* Begin PBXGroup section */
		780AB9162700110D0001DD5F = {
			isa = PBXGroup;
			children = (
				780AB952270011140001DD5F /* MusigDll */,
				780AB9212700110D0001DD5F /* MusigDemo */,
				780AB9382700110E0001DD5F /* MusigDemoTests */,
				780AB9422700110E0001DD5F /* MusigDemoUITests */,
				780AB9202700110D0001DD5F /* Products */,
			);
			sourceTree = "<group>";
		};
		780AB9202700110D0001DD5F /* Products */ = {
			isa = PBXGroup;
			children = (
				780AB91F2700110D0001DD5F /* MusigDemo.app */,
				780AB9352700110E0001DD5F /* MusigDemoTests.xctest */,
				780AB93F2700110E0001DD5F /* MusigDemoUITests.xctest */,
			);
			name = Products;
			sourceTree = "<group>";
		};
		780AB9212700110D0001DD5F /* MusigDemo */ = {
			isa = PBXGroup;
			children = (
				780AB9222700110D0001DD5F /* AppDelegate.swift */,
				780AB9242700110D0001DD5F /* SceneDelegate.swift */,
				780AB9262700110D0001DD5F /* ViewController.swift */,
				780AB9282700110D0001DD5F /* Main.storyboard */,
				780AB92B2700110E0001DD5F /* Assets.xcassets */,
				780AB92D2700110E0001DD5F /* LaunchScreen.storyboard */,
				780AB9302700110E0001DD5F /* Info.plist */,
			);
			path = MusigDemo;
			sourceTree = "<group>";
		};
		780AB9382700110E0001DD5F /* MusigDemoTests */ = {
			isa = PBXGroup;
			children = (
				780AB9392700110E0001DD5F /* MusigDemoTests.swift */,
			);
			path = MusigDemoTests;
			sourceTree = "<group>";
		};
		780AB9422700110E0001DD5F /* MusigDemoUITests */ = {
			isa = PBXGroup;
			children = (
				780AB9432700110E0001DD5F /* MusigDemoUITests.swift */,
				780AB9452700110E0001DD5F /* MusigDemoUITestsLaunchTests.swift */,
			);
			path = MusigDemoUITests;
			sourceTree = "<group>";
		};
		780AB952270011140001DD5F /* MusigDll */ = {
			isa = PBXGroup;
			children = (
				780AB957270011D70001DD5F /* libmusig_dll.a */,
				780AB954270011240001DD5F /* musig.h */,
				780AB955270011240001DD5F /* musig.c */,
				780AB953270011230001DD5F /* MusigDemo-Bridging-Header.h */,
				780AB959270022840001DD5F /* musig.swift */,
			);
			path = MusigDll;
			sourceTree = "<group>";
		};
/* End PBXGroup section */

/* Begin PBXNativeTarget section */
		780AB91E2700110D0001DD5F /* MusigDemo */ = {
			isa = PBXNativeTarget;
			buildConfigurationList = 780AB9492700110E0001DD5F /* Build configuration list for PBXNativeTarget "MusigDemo" */;
			buildPhases = (
				780AB91B2700110D0001DD5F /* Sources */,
				780AB91C2700110D0001DD5F /* Frameworks */,
				780AB91D2700110D0001DD5F /* Resources */,
			);
			buildRules = (
			);
			dependencies = (
			);
			name = MusigDemo;
			productName = MusigDemo;
			productReference = 780AB91F2700110D0001DD5F /* MusigDemo.app */;
			productType = "com.apple.product-type.application";
		};
		780AB9342700110E0001DD5F /* MusigDemoTests */ = {
			isa = PBXNativeTarget;
			buildConfigurationList = 780AB94C2700110E0001DD5F /* Build configuration list for PBXNativeTarget "MusigDemoTests" */;
			buildPhases = (
				780AB9312700110E0001DD5F /* Sources */,
				780AB9322700110E0001DD5F /* Frameworks */,
				780AB9332700110E0001DD5F /* Resources */,
			);
			buildRules = (
			);
			dependencies = (
				780AB9372700110E0001DD5F /* PBXTargetDependency */,
			);
			name = MusigDemoTests;
			productName = MusigDemoTests;
			productReference = 780AB9352700110E0001DD5F /* MusigDemoTests.xctest */;
			productType = "com.apple.product-type.bundle.unit-test";
		};
		780AB93E2700110E0001DD5F /* MusigDemoUITests */ = {
			isa = PBXNativeTarget;
			buildConfigurationList = 780AB94F2700110E0001DD5F /* Build configuration list for PBXNativeTarget "MusigDemoUITests" */;
			buildPhases = (
				780AB93B2700110E0001DD5F /* Sources */,
				780AB93C2700110E0001DD5F /* Frameworks */,
				780AB93D2700110E0001DD5F /* Resources */,
			);
			buildRules = (
			);
			dependencies = (
				780AB9412700110E0001DD5F /* PBXTargetDependency */,
			);
			name = MusigDemoUITests;
			productName = MusigDemoUITests;
			productReference = 780AB93F2700110E0001DD5F /* MusigDemoUITests.xctest */;
			productType = "com.apple.product-type.bundle.ui-testing";
		};
/* End PBXNativeTarget section */

/* Begin PBXProject section */
		780AB9172700110D0001DD5F /* Project object */ = {
			isa = PBXProject;
			attributes = {
				BuildIndependentTargetsInParallel = 1;
				LastSwiftUpdateCheck = 1300;
				LastUpgradeCheck = 1300;
				TargetAttributes = {
					780AB91E2700110D0001DD5F = {
						CreatedOnToolsVersion = 13.0;
						LastSwiftMigration = 1300;
					};
					780AB9342700110E0001DD5F = {
						CreatedOnToolsVersion = 13.0;
						TestTargetID = 780AB91E2700110D0001DD5F;
					};
					780AB93E2700110E0001DD5F = {
						CreatedOnToolsVersion = 13.0;
						TestTargetID = 780AB91E2700110D0001DD5F;
					};
				};
			};
			buildConfigurationList = 780AB91A2700110D0001DD5F /* Build configuration list for PBXProject "MusigDemo" */;
			compatibilityVersion = "Xcode 13.0";
			developmentRegion = en;
			hasScannedForEncodings = 0;
			knownRegions = (
				en,
				Base,
			);
			mainGroup = 780AB9162700110D0001DD5F;
			productRefGroup = 780AB9202700110D0001DD5F /* Products */;
			projectDirPath = "";
			projectRoot = "";
			targets = (
				780AB91E2700110D0001DD5F /* MusigDemo */,
				780AB9342700110E0001DD5F /* MusigDemoTests */,
				780AB93E2700110E0001DD5F /* MusigDemoUITests */,
			);
		};
/* End PBXProject section */

/* Begin PBXResourcesBuildPhase section */
		780AB91D2700110D0001DD5F /* Resources */ = {
			isa = PBXResourcesBuildPhase;
			buildActionMask = 2147483647;
			files = (
				780AB92F2700110E0001DD5F /* LaunchScreen.storyboard in Resources */,
				780AB92C2700110E0001DD5F /* Assets.xcassets in Resources */,
				780AB92A2700110D0001DD5F /* Main.storyboard in Resources */,
			);
			runOnlyForDeploymentPostprocessing = 0;
		};
		780AB9332700110E0001DD5F /* Resources */ = {
			isa = PBXResourcesBuildPhase;
			buildActionMask = 2147483647;
			files = (
			);
			runOnlyForDeploymentPostprocessing = 0;
		};
		780AB93D2700110E0001DD5F /* Resources */ = {
			isa = PBXResourcesBuildPhase;
			buildActionMask = 2147483647;
			files = (
			);
			runOnlyForDeploymentPostprocessing = 0;
		};
/* End PBXResourcesBuildPhase section */

/* Begin PBXSourcesBuildPhase section */
		780AB91B2700110D0001DD5F /* Sources */ = {
			isa = PBXSourcesBuildPhase;
			buildActionMask = 2147483647;
			files = (
				780AB95A270022840001DD5F /* musig.swift in Sources */,
				780AB9272700110D0001DD5F /* ViewController.swift in Sources */,
				780AB956270011240001DD5F /* musig.c in Sources */,
				780AB9232700110D0001DD5F /* AppDelegate.swift in Sources */,
				780AB9252700110D0001DD5F /* SceneDelegate.swift in Sources */,
			);
			runOnlyForDeploymentPostprocessing = 0;
		};
		780AB9312700110E0001DD5F /* Sources */ = {
			isa = PBXSourcesBuildPhase;
			buildActionMask = 2147483647;
			files = (
				780AB93A2700110E0001DD5F /* MusigDemoTests.swift in Sources */,
			);
			runOnlyForDeploymentPostprocessing = 0;
		};
		780AB93B2700110E0001DD5F /* Sources */ = {
			isa = PBXSourcesBuildPhase;
			buildActionMask = 2147483647;
			files = (
				780AB9442700110E0001DD5F /* MusigDemoUITests.swift in Sources */,
				780AB9462700110E0001DD5F /* MusigDemoUITestsLaunchTests.swift in Sources */,
			);
			runOnlyForDeploymentPostprocessing = 0;
		};
/* End PBXSourcesBuildPhase section */

/* Begin PBXTargetDependency section */
		780AB9372700110E0001DD5F /* PBXTargetDependency */ = {
			isa = PBXTargetDependency;
			target = 780AB91E2700110D0001DD5F /* MusigDemo */;
			targetProxy = 780AB9362700110E0001DD5F /* PBXContainerItemProxy */;
		};
		780AB9412700110E0001DD5F /* PBXTargetDependency */ = {
			isa = PBXTargetDependency;
			target = 780AB91E2700110D0001DD5F /* MusigDemo */;
			targetProxy = 780AB9402700110E0001DD5F /* PBXContainerItemProxy */;
		};
/* End PBXTargetDependency section */

/* Begin PBXVariantGroup section */
		780AB9282700110D0001DD5F /* Main.storyboard */ = {
			isa = PBXVariantGroup;
			children = (
				780AB9292700110D0001DD5F /* Base */,
			);
			name = Main.storyboard;
			sourceTree = "<group>";
		};
		780AB92D2700110E0001DD5F /* LaunchScreen.storyboard */ = {
			isa = PBXVariantGroup;
			children = (
				780AB92E2700110E0001DD5F /* Base */,
			);
			name = LaunchScreen.storyboard;
			sourceTree = "<group>";
		};
/* End PBXVariantGroup section */

/* Begin XCBuildConfiguration section */
		780AB9472700110E0001DD5F /* Debug */ = {
			isa = XCBuildConfiguration;
			buildSettings = {
				ALWAYS_SEARCH_USER_PATHS = NO;
				CLANG_ANALYZER_NONNULL = YES;
				CLANG_ANALYZER_NUMBER_OBJECT_CONVERSION = YES_AGGRESSIVE;
				CLANG_CXX_LANGUAGE_STANDARD = "gnu++17";
				CLANG_CXX_LIBRARY = "libc++";
				CLANG_ENABLE_MODULES = YES;
				CLANG_ENABLE_OBJC_ARC = YES;
				CLANG_ENABLE_OBJC_WEAK = YES;
				CLANG_WARN_BLOCK_CAPTURE_AUTORELEASING = YES;
				CLANG_WARN_BOOL_CONVERSION = YES;
				CLANG_WARN_COMMA = YES;
				CLANG_WARN_CONSTANT_CONVERSION = YES;
				CLANG_WARN_DEPRECATED_OBJC_IMPLEMENTATIONS = YES;
				CLANG_WARN_DIRECT_OBJC_ISA_USAGE = YES_ERROR;
				CLANG_WARN_DOCUMENTATION_COMMENTS = YES;
				CLANG_WARN_EMPTY_BODY = YES;
				CLANG_WARN_ENUM_CONVERSION = YES;
				CLANG_WARN_INFINITE_RECURSION = YES;
				CLANG_WARN_INT_CONVERSION = YES;
				CLANG_WARN_NON_LITERAL_NULL_CONVERSION = YES;
				CLANG_WARN_OBJC_IMPLICIT_RETAIN_SELF = YES;
				CLANG_WARN_OBJC_LITERAL_CONVERSION = YES;
				CLANG_WARN_OBJC_ROOT_CLASS = YES_ERROR;
				CLANG_WARN_QUOTED_INCLUDE_IN_FRAMEWORK_HEADER = YES;
				CLANG_WARN_RANGE_LOOP_ANALYSIS = YES;
				CLANG_WARN_STRICT_PROTOTYPES = YES;
				CLANG_WARN_SUSPICIOUS_MOVE = YES;
				CLANG_WARN_UNGUARDED_AVAILABILITY = YES_AGGRESSIVE;
				CLANG_WARN_UNREACHABLE_CODE = YES;
				CLANG_WARN__DUPLICATE_METHOD_MATCH = YES;
				COPY_PHASE_STRIP = NO;
				DEBUG_INFORMATION_FORMAT = dwarf;
				ENABLE_STRICT_OBJC_MSGSEND = YES;
				ENABLE_TESTABILITY = YES;
				EXCLUDED_ARCHS = arm64;
				GCC_C_LANGUAGE_STANDARD = gnu11;
				GCC_DYNAMIC_NO_PIC = NO;
				GCC_NO_COMMON_BLOCKS = YES;
				GCC_OPTIMIZATION_LEVEL = 0;
				GCC_PREPROCESSOR_DEFINITIONS = (
					"DEBUG=1",
					"$(inherited)",
				);
				GCC_WARN_64_TO_32_BIT_CONVERSION = YES;
				GCC_WARN_ABOUT_RETURN_TYPE = YES_ERROR;
				GCC_WARN_UNDECLARED_SELECTOR = YES;
				GCC_WARN_UNINITIALIZED_AUTOS = YES_AGGRESSIVE;
				GCC_WARN_UNUSED_FUNCTION = YES;
				GCC_WARN_UNUSED_VARIABLE = YES;
				IPHONEOS_DEPLOYMENT_TARGET = 15.0;
				MTL_ENABLE_DEBUG_INFO = INCLUDE_SOURCE;
				MTL_FAST_MATH = YES;
				ONLY_ACTIVE_ARCH = NO;
				SDKROOT = iphoneos;
				SWIFT_ACTIVE_COMPILATION_CONDITIONS = DEBUG;
				SWIFT_OPTIMIZATION_LEVEL = "-Onone";
			};
			name = Debug;
		};
		780AB9482700110E0001DD5F /* Release */ = {
			isa = XCBuildConfiguration;
			buildSettings = {
				ALWAYS_SEARCH_USER_PATHS = NO;
				CLANG_ANALYZER_NONNULL = YES;
				CLANG_ANALYZER_NUMBER_OBJECT_CONVERSION = YES_AGGRESSIVE;
				CLANG_CXX_LANGUAGE_STANDARD = "gnu++17";
				CLANG_CXX_LIBRARY = "libc++";
				CLANG_ENABLE_MODULES = YES;
				CLANG_ENABLE_OBJC_ARC = YES;
				CLANG_ENABLE_OBJC_WEAK = YES;
				CLANG_WARN_BLOCK_CAPTURE_AUTORELEASING = YES;
				CLANG_WARN_BOOL_CONVERSION = YES;
				CLANG_WARN_COMMA = YES;
				CLANG_WARN_CONSTANT_CONVERSION = YES;
				CLANG_WARN_DEPRECATED_OBJC_IMPLEMENTATIONS = YES;
				CLANG_WARN_DIRECT_OBJC_ISA_USAGE = YES_ERROR;
				CLANG_WARN_DOCUMENTATION_COMMENTS = YES;
				CLANG_WARN_EMPTY_BODY = YES;
				CLANG_WARN_ENUM_CONVERSION = YES;
				CLANG_WARN_INFINITE_RECURSION = YES;
				CLANG_WARN_INT_CONVERSION = YES;
				CLANG_WARN_NON_LITERAL_NULL_CONVERSION = YES;
				CLANG_WARN_OBJC_IMPLICIT_RETAIN_SELF = YES;
				CLANG_WARN_OBJC_LITERAL_CONVERSION = YES;
				CLANG_WARN_OBJC_ROOT_CLASS = YES_ERROR;
				CLANG_WARN_QUOTED_INCLUDE_IN_FRAMEWORK_HEADER = YES;
				CLANG_WARN_RANGE_LOOP_ANALYSIS = YES;
				CLANG_WARN_STRICT_PROTOTYPES = YES;
				CLANG_WARN_SUSPICIOUS_MOVE = YES;
				CLANG_WARN_UNGUARDED_AVAILABILITY = YES_AGGRESSIVE;
				CLANG_WARN_UNREACHABLE_CODE = YES;
				CLANG_WARN__DUPLICATE_METHOD_MATCH = YES;
				COPY_PHASE_STRIP = NO;
				DEBUG_INFORMATION_FORMAT = "dwarf-with-dsym";
				ENABLE_NS_ASSERTIONS = NO;
				ENABLE_STRICT_OBJC_MSGSEND = YES;
				EXCLUDED_ARCHS = arm64;
				GCC_C_LANGUAGE_STANDARD = gnu11;
				GCC_NO_COMMON_BLOCKS = YES;
				GCC_WARN_64_TO_32_BIT_CONVERSION = YES;
				GCC_WARN_ABOUT_RETURN_TYPE = YES_ERROR;
				GCC_WARN_UNDECLARED_SELECTOR = YES;
				GCC_WARN_UNINITIALIZED_AUTOS = YES_AGGRESSIVE;
				GCC_WARN_UNUSED_FUNCTION = YES;
				GCC_WARN_UNUSED_VARIABLE = YES;
				IPHONEOS_DEPLOYMENT_TARGET = 15.0;
				MTL_ENABLE_DEBUG_INFO = NO;
				MTL_FAST_MATH = YES;
				ONLY_ACTIVE_ARCH = NO;
				SDKROOT = iphoneos;
				SWIFT_COMPILATION_MODE = wholemodule;
				SWIFT_OPTIMIZATION_LEVEL = "-O";
				VALIDATE_PRODUCT = YES;
			};
			name = Release;
		};
		780AB94A2700110E0001DD5F /* Debug */ = {
			isa = XCBuildConfiguration;
			buildSettings = {
				ASSETCATALOG_COMPILER_APPICON_NAME = AppIcon;
				ASSETCATALOG_COMPILER_GLOBAL_ACCENT_COLOR_NAME = AccentColor;
				CLANG_ENABLE_MODULES = YES;
				CODE_SIGN_STYLE = Automatic;
				CURRENT_PROJECT_VERSION = 1;
				GENERATE_INFOPLIST_FILE = YES;
				INFOPLIST_FILE = MusigDemo/Info.plist;
				INFOPLIST_KEY_UIApplicationSupportsIndirectInputEvents = YES;
				INFOPLIST_KEY_UILaunchStoryboardName = LaunchScreen;
				INFOPLIST_KEY_UIMainStoryboardFile = Main;
				INFOPLIST_KEY_UISupportedInterfaceOrientations_iPad = "UIInterfaceOrientationPortrait UIInterfaceOrientationPortraitUpsideDown UIInterfaceOrientationLandscapeLeft UIInterfaceOrientationLandscapeRight";
				INFOPLIST_KEY_UISupportedInterfaceOrientations_iPhone = "UIInterfaceOrientationPortrait UIInterfaceOrientationLandscapeLeft UIInterfaceOrientationLandscapeRight";
				LD_RUNPATH_SEARCH_PATHS = (
					"$(inherited)",
					"@executable_path/Frameworks",
				);
				LIBRARY_SEARCH_PATHS = (
					"$(inherited)",
					"$(PROJECT_DIR)/MusigDll",
				);
				MARKETING_VERSION = 1.0;
				PRODUCT_BUNDLE_IDENTIFIER = test.MusigDemo;
				PRODUCT_NAME = "$(TARGET_NAME)";
				SWIFT_EMIT_LOC_STRINGS = YES;
				SWIFT_OBJC_BRIDGING_HEADER = "MusigDll/MusigDemo-Bridging-Header.h";
				SWIFT_OPTIMIZATION_LEVEL = "-Onone";
				SWIFT_VERSION = 5.0;
				TARGETED_DEVICE_FAMILY = "1,2";
			};
			name = Debug;
		};
		780AB94B2700110E0001DD5F /* Release */ = {
			isa = XCBuildConfiguration;
			buildSettings = {
				ASSETCATALOG_COMPILER_APPICON_NAME = AppIcon;
				ASSETCATALOG_COMPILER_GLOBAL_ACCENT_COLOR_NAME = AccentColor;
				CLANG_ENABLE_MODULES = YES;
				CODE_SIGN_STYLE = Automatic;
				CURRENT_PROJECT_VERSION = 1;
				GENERATE_INFOPLIST_FILE = YES;
				INFOPLIST_FILE = MusigDemo/Info.plist;
				INFOPLIST_KEY_UIApplicationSupportsIndirectInputEvents = YES;
				INFOPLIST_KEY_UILaunchStoryboardName = LaunchScreen;
				INFOPLIST_KEY_UIMainStoryboardFile = Main;
				INFOPLIST_KEY_UISupportedInterfaceOrientations_iPad = "UIInterfaceOrientationPortrait UIInterfaceOrientationPortraitUpsideDown UIInterfaceOrientationLandscapeLeft UIInterfaceOrientationLandscapeRight";
				INFOPLIST_KEY_UISupportedInterfaceOrientations_iPhone = "UIInterfaceOrientationPortrait UIInterfaceOrientationLandscapeLeft UIInterfaceOrientationLandscapeRight";
				LD_RUNPATH_SEARCH_PATHS = (
					"$(inherited)",
					"@executable_path/Frameworks",
				);
				LIBRARY_SEARCH_PATHS = (
					"$(inherited)",
					"$(PROJECT_DIR)/MusigDll",
				);
				MARKETING_VERSION = 1.0;
				PRODUCT_BUNDLE_IDENTIFIER = test.MusigDemo;
				PRODUCT_NAME = "$(TARGET_NAME)";
				SWIFT_EMIT_LOC_STRINGS = YES;
				SWIFT_OBJC_BRIDGING_HEADER = "MusigDll/MusigDemo-Bridging-Header.h";
				SWIFT_VERSION = 5.0;
				TARGETED_DEVICE_FAMILY = "1,2";
			};
			name = Release;
		};
		780AB94D2700110E0001DD5F /* Debug */ = {
			isa = XCBuildConfiguration;
			buildSettings = {
				ALWAYS_EMBED_SWIFT_STANDARD_LIBRARIES = YES;
				BUNDLE_LOADER = "$(TEST_HOST)";
				CODE_SIGN_STYLE = Automatic;
				CURRENT_PROJECT_VERSION = 1;
				GENERATE_INFOPLIST_FILE = YES;
				IPHONEOS_DEPLOYMENT_TARGET = 15.0;
				LD_RUNPATH_SEARCH_PATHS = (
					"$(inherited)",
					"@executable_path/Frameworks",
					"@loader_path/Frameworks",
				);
				MARKETING_VERSION = 1.0;
				PRODUCT_BUNDLE_IDENTIFIER = test.MusigDemoTests;
				PRODUCT_NAME = "$(TARGET_NAME)";
				SWIFT_EMIT_LOC_STRINGS = NO;
				SWIFT_VERSION = 5.0;
				TARGETED_DEVICE_FAMILY = "1,2";
				TEST_HOST = "$(BUILT_PRODUCTS_DIR)/MusigDemo.app/MusigDemo";
			};
			name = Debug;
		};
		780AB94E2700110E0001DD5F /* Release */ = {
			isa = XCBuildConfiguration;
			buildSettings = {
				ALWAYS_EMBED_SWIFT_STANDARD_LIBRARIES = YES;
				BUNDLE_LOADER = "$(TEST_HOST)";
				CODE_SIGN_STYLE = Automatic;
				CURRENT_PROJECT_VERSION = 1;
				GENERATE_INFOPLIST_FILE = YES;
				IPHONEOS_DEPLOYMENT_TARGET = 15.0;
				LD_RUNPATH_SEARCH_PATHS = (
					"$(inherited)",
					"@executable_path/Frameworks",
					"@loader_path/Frameworks",
				);
				MARKETING_VERSION = 1.0;
				PRODUCT_BUNDLE_IDENTIFIER = test.MusigDemoTests;
				PRODUCT_NAME = "$(TARGET_NAME)";
				SWIFT_EMIT_LOC_STRINGS = NO;
				SWIFT_VERSION = 5.0;
				TARGETED_DEVICE_FAMILY = "1,2";
				TEST_HOST = "$(BUILT_PRODUCTS_DIR)/MusigDemo.app/MusigDemo";
			};
			name = Release;
		};
		780AB9502700110E0001DD5F /* Debug */ = {
			isa = XCBuildConfiguration;
			buildSettings = {
				ALWAYS_EMBED_SWIFT_STANDARD_LIBRARIES = YES;
				CODE_SIGN_STYLE = Automatic;
				CURRENT_PROJECT_VERSION = 1;
				GENERATE_INFOPLIST_FILE = YES;
				LD_RUNPATH_SEARCH_PATHS = (
					"$(inherited)",
					"@executable_path/Frameworks",
					"@loader_path/Frameworks",
				);
				MARKETING_VERSION = 1.0;
				PRODUCT_BUNDLE_IDENTIFIER = test.MusigDemoUITests;
				PRODUCT_NAME = "$(TARGET_NAME)";
				SWIFT_EMIT_LOC_STRINGS = NO;
				SWIFT_VERSION = 5.0;
				TARGETED_DEVICE_FAMILY = "1,2";
				TEST_TARGET_NAME = MusigDemo;
			};
			name = Debug;
		};
		780AB9512700110E0001DD5F /* Release */ = {
			isa = XCBuildConfiguration;
			buildSettings = {
				ALWAYS_EMBED_SWIFT_STANDARD_LIBRARIES = YES;
				CODE_SIGN_STYLE = Automatic;
				CURRENT_PROJECT_VERSION = 1;
				GENERATE_INFOPLIST_FILE = YES;
				LD_RUNPATH_SEARCH_PATHS = (
					"$(inherited)",
					"@executable_path/Frameworks",
					"@loader_path/Frameworks",
				);
				MARKETING_VERSION = 1.0;
				PRODUCT_BUNDLE_IDENTIFIER = test.MusigDemoUITests;
				PRODUCT_NAME = "$(TARGET_NAME)";
				SWIFT_EMIT_LOC_STRINGS = NO;
				SWIFT_VERSION = 5.0;
				TARGETED_DEVICE_FAMILY = "1,2";
				TEST_TARGET_NAME = MusigDemo;
			};
			name = Release;
		};
/* End XCBuildConfiguration section */

/* Begin XCConfigurationList section */
		780AB91A2700110D0001DD5F /* Build configuration list for PBXProject "MusigDemo" */ = {
			isa = XCConfigurationList;
			buildConfigurations = (
				780AB9472700110E0001DD5F /* Debug */,
				780AB9482700110E0001DD5F /* Release */,
			);
			defaultConfigurationIsVisible = 0;
			defaultConfigurationName = Release;
		};
		780AB9492700110E0001DD5F /* Build configuration list for PBXNativeTarget "MusigDemo" */ = {
			isa = XCConfigurationList;
			buildConfigurations = (
				780AB94A2700110E0001DD5F /* Debug */,
				780AB94B2700110E0001DD5F /* Release */,
			);
			defaultConfigurationIsVisible = 0;
			defaultConfigurationName = Release;
		};
		780AB94C2700110E0001DD5F /* Build configuration list for PBXNativeTarget "MusigDemoTests" */ = {
			isa = XCConfigurationList;
			buildConfigurations = (
				780AB94D2700110E0001DD5F /* Debug */,
				780AB94E2700110E0001DD5F /* Release */,
			);
			defaultConfigurationIsVisible = 0;
			defaultConfigurationName = Release;
		};
		780AB94F2700110E0001DD5F /* Build configuration list for PBXNativeTarget "MusigDemoUITests" */ = {
			isa = XCConfigurationList;
			buildConfigurations = (
				780AB9502700110E0001DD5F /* Debug */,
				780AB9512700110E0001DD5F /* Release */,
			);
			defaultConfigurationIsVisible = 0;
			defaultConfigurationName = Release;
		};
/* End XCConfigurationList section */
	};
	rootObject = 780AB9172700110D0001DD5F /* Project object */;
}
