{
  "object": {
    "pins": [
      {
        "package": "Musig",
        "repositoryURL": "https://github.com/AAweidai/Musig",
        "state": {
          "branch": null,
          "revision": "25ac925839a2bda714468353fa82430fbedf35e7",
          "version": "1.8.0"
        }
      }
    ]
  },
  "version": 1
}
