{
  "object": {
    "pins": [
      {
        "package": "Musig",
        "repositoryURL": "https://github.com/AAweidai/Musig",
        "state": {
          "branch": null,
          "revision": "78e261e03e1dfb98c2e16c406ca72de4496e8beb",
          "version": "1.4.0"
        }
      }
    ]
  },
  "version": 1
}
