{
  "object": {
    "pins": [
      {
        "package": "Musig",
        "repositoryURL": "https://github.com/AAweidai/Musig",
        "state": {
          "branch": null,
          "revision": "e4f3559c3447ebb7c93105b8cac68f6f4eb70af8",
          "version": "1.6.0"
        }
      }
    ]
  },
  "version": 1
}
